github.com/client9/gospell v0.9.2 h1:V5pgM+r1VN+kdDyhD8VhwhGnp9Ph5cv87JjNsbT4+mg=
github.com/client9/gospell v0.9.2/go.mod h1:d1LE022+jAyuI0El4kT3yT2uqn7dtXkGGh0bTE3HG7Y=
golang.org/x/text v0.36.0 h1:JfKh3XmcRPqZPKevfXVpI1wXPTqbkE5f7JA92a55Yxg=
golang.org/x/text v0.36.0/go.mod h1:NIdBknypM8iqVmPiuco0Dh6P5Jcdk8lJL0CUebqK164=
